
Microsoft Visual Studio Solution File, Format Version 12.00
# Visual Studio Version 16
VisualStudioVersion = 16.0.30804.86
MinimumVisualStudioVersion = 10.0.40219.1
Project("{8BC9CEB8-8B4A-11D0-8D11-00A0C91BC942}") = "1.8 oop", "1.8 oop\1.8 oop.vcxproj", "{AFB79992-6A75-437B-8264-74B14C681EC6}"
EndProject
Project("{8BC9CEB8-8B4A-11D0-8D11-00A0C91BC942}") = "UnitTest1", "UnitTest1\UnitTest1.vcxproj", "{EC3619A9-B891-4DF5-A07D-B2B51E947319}"
EndProject
Global
	GlobalSection(SolutionConfigurationPlatforms) = preSolution
		Debug|x64 = Debug|x64
		Debug|x86 = Debug|x86
		Release|x64 = Release|x64
		Release|x86 = Release|x86
	EndGlobalSection
	GlobalSection(ProjectConfigurationPlatforms) = postSolution
		{AFB79992-6A75-437B-8264-74B14C681EC6}.Debug|x64.ActiveCfg = Debug|x64
		{AFB79992-6A75-437B-8264-74B14C681EC6}.Debug|x64.Build.0 = Debug|x64
		{AFB79992-6A75-437B-8264-74B14C681EC6}.Debug|x86.ActiveCfg = Debug|Win32
		{AFB79992-6A75-437B-8264-74B14C681EC6}.Debug|x86.Build.0 = Debug|Win32
		{AFB79992-6A75-437B-8264-74B14C681EC6}.Release|x64.ActiveCfg = Release|x64
		{AFB79992-6A75-437B-8264-74B14C681EC6}.Release|x64.Build.0 = Release|x64
		{AFB79992-6A75-437B-8264-74B14C681EC6}.Release|x86.ActiveCfg = Release|Win32
		{AFB79992-6A75-437B-8264-74B14C681EC6}.Release|x86.Build.0 = Release|Win32
		{EC3619A9-B891-4DF5-A07D-B2B51E947319}.Debug|x64.ActiveCfg = Debug|x64
		{EC3619A9-B891-4DF5-A07D-B2B51E947319}.Debug|x64.Build.0 = Debug|x64
		{EC3619A9-B891-4DF5-A07D-B2B51E947319}.Debug|x86.ActiveCfg = Debug|Win32
		{EC3619A9-B891-4DF5-A07D-B2B51E947319}.Debug|x86.Build.0 = Debug|Win32
		{EC3619A9-B891-4DF5-A07D-B2B51E947319}.Release|x64.ActiveCfg = Release|x64
		{EC3619A9-B891-4DF5-A07D-B2B51E947319}.Release|x64.Build.0 = Release|x64
		{EC3619A9-B891-4DF5-A07D-B2B51E947319}.Release|x86.ActiveCfg = Release|Win32
		{EC3619A9-B891-4DF5-A07D-B2B51E947319}.Release|x86.Build.0 = Release|Win32
	EndGlobalSection
	GlobalSection(SolutionProperties) = preSolution
		HideSolutionNode = FALSE
	EndGlobalSection
	GlobalSection(ExtensibilityGlobals) = postSolution
		SolutionGuid = {FE7336FC-0812-4567-9C10-9CA5AF5F0390}
	EndGlobalSection
EndGlobal
